
Microsoft Visual Studio Solution File, Format Version 12.00
# Visual Studio Version 16
VisualStudioVersion = 16.0.29418.71
MinimumVisualStudioVersion = 10.0.40219.1
Project("{FAE04EC0-301F-11D3-BF4B-00C04F79EFBC}") = "GameCaro", "GameCaro\GameCaro.csproj", "{4AC663F4-8684-4C4A-BD83-E749EB2A27E3}"
EndProject
Global
	GlobalSection(SolutionConfigurationPlatforms) = preSolution
		Debug|Any CPU = Debug|Any CPU
		Release|Any CPU = Release|Any CPU
	EndGlobalSection
	GlobalSection(ProjectConfigurationPlatforms) = postSolution
		{4AC663F4-8684-4C4A-BD83-E749EB2A27E3}.Debug|Any CPU.ActiveCfg = Debug|Any CPU
		{4AC663F4-8684-4C4A-BD83-E749EB2A27E3}.Debug|Any CPU.Build.0 = Debug|Any CPU
		{4AC663F4-8684-4C4A-BD83-E749EB2A27E3}.Release|Any CPU.ActiveCfg = Release|Any CPU
		{4AC663F4-8684-4C4A-BD83-E749EB2A27E3}.Release|Any CPU.Build.0 = Release|Any CPU
	EndGlobalSection
	GlobalSection(SolutionProperties) = preSolution
		HideSolutionNode = FALSE
	EndGlobalSection
	GlobalSection(ExtensibilityGlobals) = postSolution
		SolutionGuid = {AB7C0BF4-92BB-48DE-B607-0A20D153569A}
	EndGlobalSection
EndGlobal
